# This file is automatically @generated by Cargo.
# It is not intended for manual editing.
version = 4

[[package]]
name = "dungeon_maze_common"
version = "0.1.0"

[[package]]
name = "dungeon_maze_game"
version = "0.1.0"
dependencies = [
 "dungeon_maze_common",
 "dungeon_maze_proc_macros",
]

[[package]]
name = "dungeon_maze_proc_macros"
version = "0.1.0"
dependencies = [
 "dungeon_maze_common",
]
